
Microsoft Visual Studio Solution File, Format Version 12.00
# Visual Studio 15
VisualStudioVersion = 15.0.28307.421
MinimumVisualStudioVersion = 10.0.40219.1
Project("{FAE04EC0-301F-11D3-BF4B-00C04F79EFBC}") = "NumberMultiplier", "NumberMultiplier\NumberMultiplier.csproj", "{B9EAE2FD-E3D6-40B1-81E7-4472C36C7EEB}"
EndProject
Global
	GlobalSection(SolutionConfigurationPlatforms) = preSolution
		Debug|Any CPU = Debug|Any CPU
		Release|Any CPU = Release|Any CPU
	EndGlobalSection
	GlobalSection(ProjectConfigurationPlatforms) = postSolution
		{B9EAE2FD-E3D6-40B1-81E7-4472C36C7EEB}.Debug|Any CPU.ActiveCfg = Debug|Any CPU
		{B9EAE2FD-E3D6-40B1-81E7-4472C36C7EEB}.Debug|Any CPU.Build.0 = Debug|Any CPU
		{B9EAE2FD-E3D6-40B1-81E7-4472C36C7EEB}.Release|Any CPU.ActiveCfg = Release|Any CPU
		{B9EAE2FD-E3D6-40B1-81E7-4472C36C7EEB}.Release|Any CPU.Build.0 = Release|Any CPU
	EndGlobalSection
	GlobalSection(SolutionProperties) = preSolution
		HideSolutionNode = FALSE
	EndGlobalSection
	GlobalSection(ExtensibilityGlobals) = postSolution
		SolutionGuid = {EFE8A6D3-9AFD-4E43-9AC7-FCDF9897CA8D}
	EndGlobalSection
EndGlobal
